PODS:
  - SDWebImage (5.12.3):
    - SDWebImage/Core (= 5.12.3)
  - SDWebImage/Core (5.12.3)

DEPENDENCIES:
  - SDWebImage

SPEC REPOS:
  trunk:
    - SDWebImage

SPEC CHECKSUMS:
  SDWebImage: 53179a2dba77246efa8a9b85f5c5b21f8f43e38f

PODFILE CHECKSUM: ea45e71489630e26d9fe521352ac4247bd3d2993

COCOAPODS: 1.11.2
