// !$*UTF8*$!
{
	archiveVersion = 1;
	classes = {
	};
	objectVersion = 55;
	objects = {

/* Begin PBXBuildFile section */
		897BC76C27C0179E00F1EBE2 /* Const.swift in Sources */ = {isa = PBXBuildFile; fileRef = 897BC76B27C0179E00F1EBE2 /* Const.swift */; };
		897BC76E27C1595400F1EBE2 /* Utilities.swift in Sources */ = {isa = PBXBuildFile; fileRef = 897BC76D27C1595300F1EBE2 /* Utilities.swift */; };
		89A113F027B5A9EF00B91319 /* AppDelegate.swift in Sources */ = {isa = PBXBuildFile; fileRef = 89A113EF27B5A9EF00B91319 /* AppDelegate.swift */; };
		89A113F227B5A9EF00B91319 /* SceneDelegate.swift in Sources */ = {isa = PBXBuildFile; fileRef = 89A113F127B5A9EF00B91319 /* SceneDelegate.swift */; };
		89A113F427B5A9EF00B91319 /* PostDetailsViewController.swift in Sources */ = {isa = PBXBuildFile; fileRef = 89A113F327B5A9EF00B91319 /* PostDetailsViewController.swift */; };
		89A113F727B5A9EF00B91319 /* Main.storyboard in Resources */ = {isa = PBXBuildFile; fileRef = 89A113F527B5A9EF00B91319 /* Main.storyboard */; };
		89A113F927B5A9F500B91319 /* Assets.xcassets in Resources */ = {isa = PBXBuildFile; fileRef = 89A113F827B5A9F500B91319 /* Assets.xcassets */; };
		89A113FC27B5A9F500B91319 /* LaunchScreen.storyboard in Resources */ = {isa = PBXBuildFile; fileRef = 89A113FA27B5A9F500B91319 /* LaunchScreen.storyboard */; };
		89A1140627B5B85300B91319 /* PostDto.swift in Sources */ = {isa = PBXBuildFile; fileRef = 89A1140527B5B85300B91319 /* PostDto.swift */; };
		89A1140827B6810200B91319 /* Request.swift in Sources */ = {isa = PBXBuildFile; fileRef = 89A1140727B6810200B91319 /* Request.swift */; };
		89A1140C27B69C8B00B91319 /* Post.swift in Sources */ = {isa = PBXBuildFile; fileRef = 89A1140B27B69C8B00B91319 /* Post.swift */; };
		89A1140E27BC0CCA00B91319 /* 50-0.jpg in Resources */ = {isa = PBXBuildFile; fileRef = 89A1140D27BC0CC900B91319 /* 50-0.jpg */; };
		89F9975427BFF6BC0011C4C3 /* PostListViewController.swift in Sources */ = {isa = PBXBuildFile; fileRef = 89F9975327BFF6BB0011C4C3 /* PostListViewController.swift */; };
		89F9975627BFFF050011C4C3 /* PostTableViewCell.swift in Sources */ = {isa = PBXBuildFile; fileRef = 89F9975527BFFF050011C4C3 /* PostTableViewCell.swift */; };
		BC8054FCEFD55F26BEBA2D98 /* Pods_RedditReaderAppXenofontova.framework in Frameworks */ = {isa = PBXBuildFile; fileRef = 39A980B2FA21CD71F847D349 /* Pods_RedditReaderAppXenofontova.framework */; };
/* End PBXBuildFile section */

/* Begin PBXFileReference section */
		17B28B7F57FD71D092531B38 /* Pods-RedditReaderAppXenofontova.debug.xcconfig */ = {isa = PBXFileReference; includeInIndex = 1; lastKnownFileType = text.xcconfig; name = "Pods-RedditReaderAppXenofontova.debug.xcconfig"; path = "Target Support Files/Pods-RedditReaderAppXenofontova/Pods-RedditReaderAppXenofontova.debug.xcconfig"; sourceTree = "<group>"; };
		39A980B2FA21CD71F847D349 /* Pods_RedditReaderAppXenofontova.framework */ = {isa = PBXFileReference; explicitFileType = wrapper.framework; includeInIndex = 0; path = Pods_RedditReaderAppXenofontova.framework; sourceTree = BUILT_PRODUCTS_DIR; };
		40CB9AE9D242DCD2603F5244 /* Pods-RedditReaderAppXenofontova.release.xcconfig */ = {isa = PBXFileReference; includeInIndex = 1; lastKnownFileType = text.xcconfig; name = "Pods-RedditReaderAppXenofontova.release.xcconfig"; path = "Target Support Files/Pods-RedditReaderAppXenofontova/Pods-RedditReaderAppXenofontova.release.xcconfig"; sourceTree = "<group>"; };
		897BC76B27C0179E00F1EBE2 /* Const.swift */ = {isa = PBXFileReference; lastKnownFileType = sourcecode.swift; path = Const.swift; sourceTree = "<group>"; };
		897BC76D27C1595300F1EBE2 /* Utilities.swift */ = {isa = PBXFileReference; lastKnownFileType = sourcecode.swift; path = Utilities.swift; sourceTree = "<group>"; };
		89A113EC27B5A9EF00B91319 /* RedditReaderAppXenofontova.app */ = {isa = PBXFileReference; explicitFileType = wrapper.application; includeInIndex = 0; path = RedditReaderAppXenofontova.app; sourceTree = BUILT_PRODUCTS_DIR; };
		89A113EF27B5A9EF00B91319 /* AppDelegate.swift */ = {isa = PBXFileReference; lastKnownFileType = sourcecode.swift; path = AppDelegate.swift; sourceTree = "<group>"; };
		89A113F127B5A9EF00B91319 /* SceneDelegate.swift */ = {isa = PBXFileReference; lastKnownFileType = sourcecode.swift; path = SceneDelegate.swift; sourceTree = "<group>"; };
		89A113F327B5A9EF00B91319 /* PostDetailsViewController.swift */ = {isa = PBXFileReference; lastKnownFileType = sourcecode.swift; path = PostDetailsViewController.swift; sourceTree = "<group>"; };
		89A113F627B5A9EF00B91319 /* Base */ = {isa = PBXFileReference; lastKnownFileType = file.storyboard; name = Base; path = Base.lproj/Main.storyboard; sourceTree = "<group>"; };
		89A113F827B5A9F500B91319 /* Assets.xcassets */ = {isa = PBXFileReference; lastKnownFileType = folder.assetcatalog; path = Assets.xcassets; sourceTree = "<group>"; };
		89A113FB27B5A9F500B91319 /* Base */ = {isa = PBXFileReference; lastKnownFileType = file.storyboard; name = Base; path = Base.lproj/LaunchScreen.storyboard; sourceTree = "<group>"; };
		89A113FD27B5A9F500B91319 /* Info.plist */ = {isa = PBXFileReference; lastKnownFileType = text.plist.xml; path = Info.plist; sourceTree = "<group>"; };
		89A1140527B5B85300B91319 /* PostDto.swift */ = {isa = PBXFileReference; lastKnownFileType = sourcecode.swift; path = PostDto.swift; sourceTree = "<group>"; };
		89A1140727B6810200B91319 /* Request.swift */ = {isa = PBXFileReference; lastKnownFileType = sourcecode.swift; path = Request.swift; sourceTree = "<group>"; };
		89A1140B27B69C8B00B91319 /* Post.swift */ = {isa = PBXFileReference; lastKnownFileType = sourcecode.swift; path = Post.swift; sourceTree = "<group>"; };
		89A1140D27BC0CC900B91319 /* 50-0.jpg */ = {isa = PBXFileReference; lastKnownFileType = image.jpeg; path = "50-0.jpg"; sourceTree = "<group>"; };
		89F9975327BFF6BB0011C4C3 /* PostListViewController.swift */ = {isa = PBXFileReference; lastKnownFileType = sourcecode.swift; path = PostListViewController.swift; sourceTree = "<group>"; };
		89F9975527BFFF050011C4C3 /* PostTableViewCell.swift */ = {isa = PBXFileReference; lastKnownFileType = sourcecode.swift; path = PostTableViewCell.swift; sourceTree = "<group>"; };
/* End PBXFileReference section */

/* Begin PBXFrameworksBuildPhase section */
		89A113E927B5A9EE00B91319 /* Frameworks */ = {
			isa = PBXFrameworksBuildPhase;
			buildActionMask = 2147483647;
			files = (
				BC8054FCEFD55F26BEBA2D98 /* Pods_RedditReaderAppXenofontova.framework in Frameworks */,
			);
			runOnlyForDeploymentPostprocessing = 0;
		};
/* End PBXFrameworksBuildPhase section */

/* Begin PBXGroup section */
		24C8C6F2B44C176A79B8D3F2 /* Pods */ = {
			isa = PBXGroup;
			children = (
				17B28B7F57FD71D092531B38 /* Pods-RedditReaderAppXenofontova.debug.xcconfig */,
				40CB9AE9D242DCD2603F5244 /* Pods-RedditReaderAppXenofontova.release.xcconfig */,
			);
			path = Pods;
			sourceTree = "<group>";
		};
		2C678B80DCE638F08373EDD2 /* Frameworks */ = {
			isa = PBXGroup;
			children = (
				39A980B2FA21CD71F847D349 /* Pods_RedditReaderAppXenofontova.framework */,
			);
			name = Frameworks;
			sourceTree = "<group>";
		};
		897BC76A27C0178500F1EBE2 /* Utilities */ = {
			isa = PBXGroup;
			children = (
				897BC76B27C0179E00F1EBE2 /* Const.swift */,
				897BC76D27C1595300F1EBE2 /* Utilities.swift */,
			);
			path = Utilities;
			sourceTree = "<group>";
		};
		89A113E327B5A9EE00B91319 = {
			isa = PBXGroup;
			children = (
				89A113EE27B5A9EF00B91319 /* RedditReaderAppXenofontova */,
				89A113ED27B5A9EF00B91319 /* Products */,
				24C8C6F2B44C176A79B8D3F2 /* Pods */,
				2C678B80DCE638F08373EDD2 /* Frameworks */,
			);
			sourceTree = "<group>";
		};
		89A113ED27B5A9EF00B91319 /* Products */ = {
			isa = PBXGroup;
			children = (
				89A113EC27B5A9EF00B91319 /* RedditReaderAppXenofontova.app */,
			);
			name = Products;
			sourceTree = "<group>";
		};
		89A113EE27B5A9EF00B91319 /* RedditReaderAppXenofontova */ = {
			isa = PBXGroup;
			children = (
				897BC76A27C0178500F1EBE2 /* Utilities */,
				89A1141027BC316F00B91319 /* Images */,
				89A1140F27BC313900B91319 /* Models */,
				89A1140427B5B81100B91319 /* Views */,
				89A1140327B5B44100B91319 /* App */,
				89A113F327B5A9EF00B91319 /* PostDetailsViewController.swift */,
				89F9975527BFFF050011C4C3 /* PostTableViewCell.swift */,
				89A113FD27B5A9F500B91319 /* Info.plist */,
				89F9975327BFF6BB0011C4C3 /* PostListViewController.swift */,
			);
			path = RedditReaderAppXenofontova;
			sourceTree = "<group>";
		};
		89A1140327B5B44100B91319 /* App */ = {
			isa = PBXGroup;
			children = (
				89A113F127B5A9EF00B91319 /* SceneDelegate.swift */,
				89A113EF27B5A9EF00B91319 /* AppDelegate.swift */,
			);
			path = App;
			sourceTree = "<group>";
		};
		89A1140427B5B81100B91319 /* Views */ = {
			isa = PBXGroup;
			children = (
				89A113F527B5A9EF00B91319 /* Main.storyboard */,
				89A113FA27B5A9F500B91319 /* LaunchScreen.storyboard */,
			);
			path = Views;
			sourceTree = "<group>";
		};
		89A1140F27BC313900B91319 /* Models */ = {
			isa = PBXGroup;
			children = (
				89A1140B27B69C8B00B91319 /* Post.swift */,
				89A1140727B6810200B91319 /* Request.swift */,
				89A1140527B5B85300B91319 /* PostDto.swift */,
			);
			path = Models;
			sourceTree = "<group>";
		};
		89A1141027BC316F00B91319 /* Images */ = {
			isa = PBXGroup;
			children = (
				89A113F827B5A9F500B91319 /* Assets.xcassets */,
				89A1140D27BC0CC900B91319 /* 50-0.jpg */,
			);
			path = Images;
			sourceTree = "<group>";
		};
/* End PBXGroup section */

/* Begin PBXNativeTarget section */
		89A113EB27B5A9EE00B91319 /* RedditReaderAppXenofontova */ = {
			isa = PBXNativeTarget;
			buildConfigurationList = 89A1140027B5A9F500B91319 /* Build configuration list for PBXNativeTarget "RedditReaderAppXenofontova" */;
			buildPhases = (
				6BCC9BE16576CCB5D7AE1A54 /* [CP] Check Pods Manifest.lock */,
				89A113E827B5A9EE00B91319 /* Sources */,
				89A113E927B5A9EE00B91319 /* Frameworks */,
				89A113EA27B5A9EE00B91319 /* Resources */,
				4A000704DB98D9EB9449874C /* [CP] Embed Pods Frameworks */,
			);
			buildRules = (
			);
			dependencies = (
			);
			name = RedditReaderAppXenofontova;
			productName = Lab02Xenofontova;
			productReference = 89A113EC27B5A9EF00B91319 /* RedditReaderAppXenofontova.app */;
			productType = "com.apple.product-type.application";
		};
/* End PBXNativeTarget section */

/* Begin PBXProject section */
		89A113E427B5A9EE00B91319 /* Project object */ = {
			isa = PBXProject;
			attributes = {
				BuildIndependentTargetsInParallel = 1;
				LastSwiftUpdateCheck = 1310;
				LastUpgradeCheck = 1310;
				TargetAttributes = {
					89A113EB27B5A9EE00B91319 = {
						CreatedOnToolsVersion = 13.1;
					};
				};
			};
			buildConfigurationList = 89A113E727B5A9EE00B91319 /* Build configuration list for PBXProject "RedditReaderAppXenofontova" */;
			compatibilityVersion = "Xcode 13.0";
			developmentRegion = en;
			hasScannedForEncodings = 0;
			knownRegions = (
				en,
				Base,
			);
			mainGroup = 89A113E327B5A9EE00B91319;
			productRefGroup = 89A113ED27B5A9EF00B91319 /* Products */;
			projectDirPath = "";
			projectRoot = "";
			targets = (
				89A113EB27B5A9EE00B91319 /* RedditReaderAppXenofontova */,
			);
		};
/* End PBXProject section */

/* Begin PBXResourcesBuildPhase section */
		89A113EA27B5A9EE00B91319 /* Resources */ = {
			isa = PBXResourcesBuildPhase;
			buildActionMask = 2147483647;
			files = (
				89A113FC27B5A9F500B91319 /* LaunchScreen.storyboard in Resources */,
				89A1140E27BC0CCA00B91319 /* 50-0.jpg in Resources */,
				89A113F927B5A9F500B91319 /* Assets.xcassets in Resources */,
				89A113F727B5A9EF00B91319 /* Main.storyboard in Resources */,
			);
			runOnlyForDeploymentPostprocessing = 0;
		};
/* End PBXResourcesBuildPhase section */

/* Begin PBXShellScriptBuildPhase section */
		4A000704DB98D9EB9449874C /* [CP] Embed Pods Frameworks */ = {
			isa = PBXShellScriptBuildPhase;
			buildActionMask = 2147483647;
			files = (
			);
			inputFileListPaths = (
				"${PODS_ROOT}/Target Support Files/Pods-RedditReaderAppXenofontova/Pods-RedditReaderAppXenofontova-frameworks-${CONFIGURATION}-input-files.xcfilelist",
			);
			name = "[CP] Embed Pods Frameworks";
			outputFileListPaths = (
				"${PODS_ROOT}/Target Support Files/Pods-RedditReaderAppXenofontova/Pods-RedditReaderAppXenofontova-frameworks-${CONFIGURATION}-output-files.xcfilelist",
			);
			runOnlyForDeploymentPostprocessing = 0;
			shellPath = /bin/sh;
			shellScript = "\"${PODS_ROOT}/Target Support Files/Pods-RedditReaderAppXenofontova/Pods-RedditReaderAppXenofontova-frameworks.sh\"\n";
			showEnvVarsInLog = 0;
		};
		6BCC9BE16576CCB5D7AE1A54 /* [CP] Check Pods Manifest.lock */ = {
			isa = PBXShellScriptBuildPhase;
			buildActionMask = 2147483647;
			files = (
			);
			inputFileListPaths = (
			);
			inputPaths = (
				"${PODS_PODFILE_DIR_PATH}/Podfile.lock",
				"${PODS_ROOT}/Manifest.lock",
			);
			name = "[CP] Check Pods Manifest.lock";
			outputFileListPaths = (
			);
			outputPaths = (
				"$(DERIVED_FILE_DIR)/Pods-RedditReaderAppXenofontova-checkManifestLockResult.txt",
			);
			runOnlyForDeploymentPostprocessing = 0;
			shellPath = /bin/sh;
			shellScript = "diff \"${PODS_PODFILE_DIR_PATH}/Podfile.lock\" \"${PODS_ROOT}/Manifest.lock\" > /dev/null\nif [ $? != 0 ] ; then\n    # print error to STDERR\n    echo \"error: The sandbox is not in sync with the Podfile.lock. Run 'pod install' or update your CocoaPods installation.\" >&2\n    exit 1\nfi\n# This output is used by Xcode 'outputs' to avoid re-running this script phase.\necho \"SUCCESS\" > \"${SCRIPT_OUTPUT_FILE_0}\"\n";
			showEnvVarsInLog = 0;
		};
/* End PBXShellScriptBuildPhase section */

/* Begin PBXSourcesBuildPhase section */
		89A113E827B5A9EE00B91319 /* Sources */ = {
			isa = PBXSourcesBuildPhase;
			buildActionMask = 2147483647;
			files = (
				89F9975427BFF6BC0011C4C3 /* PostListViewController.swift in Sources */,
				89A1140827B6810200B91319 /* Request.swift in Sources */,
				89A113F427B5A9EF00B91319 /* PostDetailsViewController.swift in Sources */,
				89F9975627BFFF050011C4C3 /* PostTableViewCell.swift in Sources */,
				89A1140627B5B85300B91319 /* PostDto.swift in Sources */,
				89A1140C27B69C8B00B91319 /* Post.swift in Sources */,
				89A113F027B5A9EF00B91319 /* AppDelegate.swift in Sources */,
				89A113F227B5A9EF00B91319 /* SceneDelegate.swift in Sources */,
				897BC76E27C1595400F1EBE2 /* Utilities.swift in Sources */,
				897BC76C27C0179E00F1EBE2 /* Const.swift in Sources */,
			);
			runOnlyForDeploymentPostprocessing = 0;
		};
/* End PBXSourcesBuildPhase section */

/* Begin PBXVariantGroup section */
		89A113F527B5A9EF00B91319 /* Main.storyboard */ = {
			isa = PBXVariantGroup;
			children = (
				89A113F627B5A9EF00B91319 /* Base */,
			);
			name = Main.storyboard;
			sourceTree = "<group>";
		};
		89A113FA27B5A9F500B91319 /* LaunchScreen.storyboard */ = {
			isa = PBXVariantGroup;
			children = (
				89A113FB27B5A9F500B91319 /* Base */,
			);
			name = LaunchScreen.storyboard;
			sourceTree = "<group>";
		};
/* End PBXVariantGroup section */

/* Begin XCBuildConfiguration section */
		89A113FE27B5A9F500B91319 /* Debug */ = {
			isa = XCBuildConfiguration;
			buildSettings = {
				ALWAYS_SEARCH_USER_PATHS = NO;
				CLANG_ANALYZER_NONNULL = YES;
				CLANG_ANALYZER_NUMBER_OBJECT_CONVERSION = YES_AGGRESSIVE;
				CLANG_CXX_LANGUAGE_STANDARD = "gnu++17";
				CLANG_CXX_LIBRARY = "libc++";
				CLANG_ENABLE_MODULES = YES;
				CLANG_ENABLE_OBJC_ARC = YES;
				CLANG_ENABLE_OBJC_WEAK = YES;
				CLANG_WARN_BLOCK_CAPTURE_AUTORELEASING = YES;
				CLANG_WARN_BOOL_CONVERSION = YES;
				CLANG_WARN_COMMA = YES;
				CLANG_WARN_CONSTANT_CONVERSION = YES;
				CLANG_WARN_DEPRECATED_OBJC_IMPLEMENTATIONS = YES;
				CLANG_WARN_DIRECT_OBJC_ISA_USAGE = YES_ERROR;
				CLANG_WARN_DOCUMENTATION_COMMENTS = YES;
				CLANG_WARN_EMPTY_BODY = YES;
				CLANG_WARN_ENUM_CONVERSION = YES;
				CLANG_WARN_INFINITE_RECURSION = YES;
				CLANG_WARN_INT_CONVERSION = YES;
				CLANG_WARN_NON_LITERAL_NULL_CONVERSION = YES;
				CLANG_WARN_OBJC_IMPLICIT_RETAIN_SELF = YES;
				CLANG_WARN_OBJC_LITERAL_CONVERSION = YES;
				CLANG_WARN_OBJC_ROOT_CLASS = YES_ERROR;
				CLANG_WARN_QUOTED_INCLUDE_IN_FRAMEWORK_HEADER = YES;
				CLANG_WARN_RANGE_LOOP_ANALYSIS = YES;
				CLANG_WARN_STRICT_PROTOTYPES = YES;
				CLANG_WARN_SUSPICIOUS_MOVE = YES;
				CLANG_WARN_UNGUARDED_AVAILABILITY = YES_AGGRESSIVE;
				CLANG_WARN_UNREACHABLE_CODE = YES;
				CLANG_WARN__DUPLICATE_METHOD_MATCH = YES;
				COPY_PHASE_STRIP = NO;
				DEBUG_INFORMATION_FORMAT = dwarf;
				ENABLE_STRICT_OBJC_MSGSEND = YES;
				ENABLE_TESTABILITY = YES;
				GCC_C_LANGUAGE_STANDARD = gnu11;
				GCC_DYNAMIC_NO_PIC = NO;
				GCC_NO_COMMON_BLOCKS = YES;
				GCC_OPTIMIZATION_LEVEL = 0;
				GCC_PREPROCESSOR_DEFINITIONS = (
					"DEBUG=1",
					"$(inherited)",
				);
				GCC_WARN_64_TO_32_BIT_CONVERSION = YES;
				GCC_WARN_ABOUT_RETURN_TYPE = YES_ERROR;
				GCC_WARN_UNDECLARED_SELECTOR = YES;
				GCC_WARN_UNINITIALIZED_AUTOS = YES_AGGRESSIVE;
				GCC_WARN_UNUSED_FUNCTION = YES;
				GCC_WARN_UNUSED_VARIABLE = YES;
				IPHONEOS_DEPLOYMENT_TARGET = 15.0;
				MTL_ENABLE_DEBUG_INFO = INCLUDE_SOURCE;
				MTL_FAST_MATH = YES;
				ONLY_ACTIVE_ARCH = YES;
				SDKROOT = iphoneos;
				SWIFT_ACTIVE_COMPILATION_CONDITIONS = DEBUG;
				SWIFT_OPTIMIZATION_LEVEL = "-Onone";
			};
			name = Debug;
		};
		89A113FF27B5A9F500B91319 /* Release */ = {
			isa = XCBuildConfiguration;
			buildSettings = {
				ALWAYS_SEARCH_USER_PATHS = NO;
				CLANG_ANALYZER_NONNULL = YES;
				CLANG_ANALYZER_NUMBER_OBJECT_CONVERSION = YES_AGGRESSIVE;
				CLANG_CXX_LANGUAGE_STANDARD = "gnu++17";
				CLANG_CXX_LIBRARY = "libc++";
				CLANG_ENABLE_MODULES = YES;
				CLANG_ENABLE_OBJC_ARC = YES;
				CLANG_ENABLE_OBJC_WEAK = YES;
				CLANG_WARN_BLOCK_CAPTURE_AUTORELEASING = YES;
				CLANG_WARN_BOOL_CONVERSION = YES;
				CLANG_WARN_COMMA = YES;
				CLANG_WARN_CONSTANT_CONVERSION = YES;
				CLANG_WARN_DEPRECATED_OBJC_IMPLEMENTATIONS = YES;
				CLANG_WARN_DIRECT_OBJC_ISA_USAGE = YES_ERROR;
				CLANG_WARN_DOCUMENTATION_COMMENTS = YES;
				CLANG_WARN_EMPTY_BODY = YES;
				CLANG_WARN_ENUM_CONVERSION = YES;
				CLANG_WARN_INFINITE_RECURSION = YES;
				CLANG_WARN_INT_CONVERSION = YES;
				CLANG_WARN_NON_LITERAL_NULL_CONVERSION = YES;
				CLANG_WARN_OBJC_IMPLICIT_RETAIN_SELF = YES;
				CLANG_WARN_OBJC_LITERAL_CONVERSION = YES;
				CLANG_WARN_OBJC_ROOT_CLASS = YES_ERROR;
				CLANG_WARN_QUOTED_INCLUDE_IN_FRAMEWORK_HEADER = YES;
				CLANG_WARN_RANGE_LOOP_ANALYSIS = YES;
				CLANG_WARN_STRICT_PROTOTYPES = YES;
				CLANG_WARN_SUSPICIOUS_MOVE = YES;
				CLANG_WARN_UNGUARDED_AVAILABILITY = YES_AGGRESSIVE;
				CLANG_WARN_UNREACHABLE_CODE = YES;
				CLANG_WARN__DUPLICATE_METHOD_MATCH = YES;
				COPY_PHASE_STRIP = NO;
				DEBUG_INFORMATION_FORMAT = "dwarf-with-dsym";
				ENABLE_NS_ASSERTIONS = NO;
				ENABLE_STRICT_OBJC_MSGSEND = YES;
				GCC_C_LANGUAGE_STANDARD = gnu11;
				GCC_NO_COMMON_BLOCKS = YES;
				GCC_WARN_64_TO_32_BIT_CONVERSION = YES;
				GCC_WARN_ABOUT_RETURN_TYPE = YES_ERROR;
				GCC_WARN_UNDECLARED_SELECTOR = YES;
				GCC_WARN_UNINITIALIZED_AUTOS = YES_AGGRESSIVE;
				GCC_WARN_UNUSED_FUNCTION = YES;
				GCC_WARN_UNUSED_VARIABLE = YES;
				IPHONEOS_DEPLOYMENT_TARGET = 15.0;
				MTL_ENABLE_DEBUG_INFO = NO;
				MTL_FAST_MATH = YES;
				SDKROOT = iphoneos;
				SWIFT_COMPILATION_MODE = wholemodule;
				SWIFT_OPTIMIZATION_LEVEL = "-O";
				VALIDATE_PRODUCT = YES;
			};
			name = Release;
		};
		89A1140127B5A9F500B91319 /* Debug */ = {
			isa = XCBuildConfiguration;
			baseConfigurationReference = 17B28B7F57FD71D092531B38 /* Pods-RedditReaderAppXenofontova.debug.xcconfig */;
			buildSettings = {
				ASSETCATALOG_COMPILER_APPICON_NAME = AppIcon;
				ASSETCATALOG_COMPILER_GLOBAL_ACCENT_COLOR_NAME = AccentColor;
				CODE_SIGN_STYLE = Automatic;
				CURRENT_PROJECT_VERSION = 1;
				DEVELOPMENT_TEAM = VNU8KKW4GG;
				GENERATE_INFOPLIST_FILE = YES;
				INFOPLIST_FILE = RedditReaderAppXenofontova/Info.plist;
				INFOPLIST_KEY_UIApplicationSupportsIndirectInputEvents = YES;
				INFOPLIST_KEY_UILaunchStoryboardName = LaunchScreen;
				INFOPLIST_KEY_UIMainStoryboardFile = Main;
				INFOPLIST_KEY_UISupportedInterfaceOrientations = "UIInterfaceOrientationLandscapeLeft UIInterfaceOrientationLandscapeRight UIInterfaceOrientationPortrait UIInterfaceOrientationPortraitUpsideDown";
				INFOPLIST_KEY_UISupportedInterfaceOrientations_iPad = "UIInterfaceOrientationPortrait UIInterfaceOrientationPortraitUpsideDown UIInterfaceOrientationLandscapeLeft UIInterfaceOrientationLandscapeRight";
				INFOPLIST_KEY_UISupportedInterfaceOrientations_iPhone = "UIInterfaceOrientationPortrait UIInterfaceOrientationLandscapeLeft UIInterfaceOrientationLandscapeRight";
				LD_RUNPATH_SEARCH_PATHS = (
					"$(inherited)",
					"@executable_path/Frameworks",
				);
				MARKETING_VERSION = 1.0;
				PRODUCT_BUNDLE_IDENTIFIER = ua.edu.ukma.ksenofontova.RedditReaderAppXenofontova;
				PRODUCT_NAME = "$(TARGET_NAME)";
				SWIFT_EMIT_LOC_STRINGS = YES;
				SWIFT_VERSION = 5.0;
				TARGETED_DEVICE_FAMILY = 1;
			};
			name = Debug;
		};
		89A1140227B5A9F500B91319 /* Release */ = {
			isa = XCBuildConfiguration;
			baseConfigurationReference = 40CB9AE9D242DCD2603F5244 /* Pods-RedditReaderAppXenofontova.release.xcconfig */;
			buildSettings = {
				ASSETCATALOG_COMPILER_APPICON_NAME = AppIcon;
				ASSETCATALOG_COMPILER_GLOBAL_ACCENT_COLOR_NAME = AccentColor;
				CODE_SIGN_STYLE = Automatic;
				CURRENT_PROJECT_VERSION = 1;
				DEVELOPMENT_TEAM = VNU8KKW4GG;
				GENERATE_INFOPLIST_FILE = YES;
				INFOPLIST_FILE = RedditReaderAppXenofontova/Info.plist;
				INFOPLIST_KEY_UIApplicationSupportsIndirectInputEvents = YES;
				INFOPLIST_KEY_UILaunchStoryboardName = LaunchScreen;
				INFOPLIST_KEY_UIMainStoryboardFile = Main;
				INFOPLIST_KEY_UISupportedInterfaceOrientations = "UIInterfaceOrientationLandscapeLeft UIInterfaceOrientationLandscapeRight UIInterfaceOrientationPortrait UIInterfaceOrientationPortraitUpsideDown";
				INFOPLIST_KEY_UISupportedInterfaceOrientations_iPad = "UIInterfaceOrientationPortrait UIInterfaceOrientationPortraitUpsideDown UIInterfaceOrientationLandscapeLeft UIInterfaceOrientationLandscapeRight";
				INFOPLIST_KEY_UISupportedInterfaceOrientations_iPhone = "UIInterfaceOrientationPortrait UIInterfaceOrientationLandscapeLeft UIInterfaceOrientationLandscapeRight";
				LD_RUNPATH_SEARCH_PATHS = (
					"$(inherited)",
					"@executable_path/Frameworks",
				);
				MARKETING_VERSION = 1.0;
				PRODUCT_BUNDLE_IDENTIFIER = ua.edu.ukma.ksenofontova.RedditReaderAppXenofontova;
				PRODUCT_NAME = "$(TARGET_NAME)";
				SWIFT_EMIT_LOC_STRINGS = YES;
				SWIFT_VERSION = 5.0;
				TARGETED_DEVICE_FAMILY = 1;
			};
			name = Release;
		};
/* End XCBuildConfiguration section */

/* Begin XCConfigurationList section */
		89A113E727B5A9EE00B91319 /* Build configuration list for PBXProject "RedditReaderAppXenofontova" */ = {
			isa = XCConfigurationList;
			buildConfigurations = (
				89A113FE27B5A9F500B91319 /* Debug */,
				89A113FF27B5A9F500B91319 /* Release */,
			);
			defaultConfigurationIsVisible = 0;
			defaultConfigurationName = Release;
		};
		89A1140027B5A9F500B91319 /* Build configuration list for PBXNativeTarget "RedditReaderAppXenofontova" */ = {
			isa = XCConfigurationList;
			buildConfigurations = (
				89A1140127B5A9F500B91319 /* Debug */,
				89A1140227B5A9F500B91319 /* Release */,
			);
			defaultConfigurationIsVisible = 0;
			defaultConfigurationName = Release;
		};
/* End XCConfigurationList section */
	};
	rootObject = 89A113E427B5A9EE00B91319 /* Project object */;
}
